
Microsoft Visual Studio Solution File, Format Version 12.00
# Visual Studio 14
VisualStudioVersion = 14.0.25420.1
MinimumVisualStudioVersion = 10.0.40219.1
Project("{2150E333-8FDC-42A3-9474-1A3956D46DE8}") = "src", "src", "{1529E0FA-B10D-47CB-ABA9-D480111D0E98}"
EndProject
Project("{2150E333-8FDC-42A3-9474-1A3956D46DE8}") = "Solution Items", "Solution Items", "{5E8DF3CF-60BB-4655-8CB8-B7A6A02B2938}"
	ProjectSection(SolutionItems) = preProject
		global.json = global.json
	EndProjectSection
EndProject
Project("{FAE04EC0-301F-11D3-BF4B-00C04F79EFBC}") = "SongSync.Api", "SongSync.Api\SongSync.Api.csproj", "{13EA3DDF-E96F-421E-88A8-04D0B5C128B8}"
EndProject
Project("{FAE04EC0-301F-11D3-BF4B-00C04F79EFBC}") = "SongSync.Api.Tests", "SongSync.Api.Tests\SongSync.Api.Tests.csproj", "{41EC3B3C-CB2A-45F4-B3C9-81E9A93641CF}"
EndProject
Project("{2150E333-8FDC-42A3-9474-1A3956D46DE8}") = "API", "API", "{311AF736-F368-4521-BD4E-D574C8091BBE}"
EndProject
Project("{FAE04EC0-301F-11D3-BF4B-00C04F79EFBC}") = "SongSync.Services", "SongSync.Services\SongSync.Services.csproj", "{F541395E-16C8-42AA-BF12-38E40A239F28}"
EndProject
Project("{FAE04EC0-301F-11D3-BF4B-00C04F79EFBC}") = "RoundMusic", "RoundMusic\RoundMusic.csproj", "{EAF311CE-97BC-4CF1-B177-0751C8406D2C}"
EndProject
Project("{FAE04EC0-301F-11D3-BF4B-00C04F79EFBC}") = "SongSync.Models", "SongSync.Models\SongSync.Models.csproj", "{75F8ABC8-9265-41B8-9857-9BF9094254E7}"
EndProject
Global
	GlobalSection(SolutionConfigurationPlatforms) = preSolution
		Debug|Any CPU = Debug|Any CPU
		Release|Any CPU = Release|Any CPU
	EndGlobalSection
	GlobalSection(ProjectConfigurationPlatforms) = postSolution
		{13EA3DDF-E96F-421E-88A8-04D0B5C128B8}.Debug|Any CPU.ActiveCfg = Debug|Any CPU
		{13EA3DDF-E96F-421E-88A8-04D0B5C128B8}.Debug|Any CPU.Build.0 = Debug|Any CPU
		{13EA3DDF-E96F-421E-88A8-04D0B5C128B8}.Release|Any CPU.ActiveCfg = Release|Any CPU
		{13EA3DDF-E96F-421E-88A8-04D0B5C128B8}.Release|Any CPU.Build.0 = Release|Any CPU
		{41EC3B3C-CB2A-45F4-B3C9-81E9A93641CF}.Debug|Any CPU.ActiveCfg = Debug|Any CPU
		{41EC3B3C-CB2A-45F4-B3C9-81E9A93641CF}.Debug|Any CPU.Build.0 = Debug|Any CPU
		{41EC3B3C-CB2A-45F4-B3C9-81E9A93641CF}.Release|Any CPU.ActiveCfg = Release|Any CPU
		{41EC3B3C-CB2A-45F4-B3C9-81E9A93641CF}.Release|Any CPU.Build.0 = Release|Any CPU
		{F541395E-16C8-42AA-BF12-38E40A239F28}.Debug|Any CPU.ActiveCfg = Debug|Any CPU
		{F541395E-16C8-42AA-BF12-38E40A239F28}.Debug|Any CPU.Build.0 = Debug|Any CPU
		{F541395E-16C8-42AA-BF12-38E40A239F28}.Release|Any CPU.ActiveCfg = Release|Any CPU
		{F541395E-16C8-42AA-BF12-38E40A239F28}.Release|Any CPU.Build.0 = Release|Any CPU
		{EAF311CE-97BC-4CF1-B177-0751C8406D2C}.Debug|Any CPU.ActiveCfg = Debug|Any CPU
		{EAF311CE-97BC-4CF1-B177-0751C8406D2C}.Debug|Any CPU.Build.0 = Debug|Any CPU
		{EAF311CE-97BC-4CF1-B177-0751C8406D2C}.Release|Any CPU.ActiveCfg = Release|Any CPU
		{EAF311CE-97BC-4CF1-B177-0751C8406D2C}.Release|Any CPU.Build.0 = Release|Any CPU
		{75F8ABC8-9265-41B8-9857-9BF9094254E7}.Debug|Any CPU.ActiveCfg = Debug|Any CPU
		{75F8ABC8-9265-41B8-9857-9BF9094254E7}.Debug|Any CPU.Build.0 = Debug|Any CPU
		{75F8ABC8-9265-41B8-9857-9BF9094254E7}.Release|Any CPU.ActiveCfg = Release|Any CPU
		{75F8ABC8-9265-41B8-9857-9BF9094254E7}.Release|Any CPU.Build.0 = Release|Any CPU
	EndGlobalSection
	GlobalSection(SolutionProperties) = preSolution
		HideSolutionNode = FALSE
	EndGlobalSection
	GlobalSection(NestedProjects) = preSolution
		{13EA3DDF-E96F-421E-88A8-04D0B5C128B8} = {311AF736-F368-4521-BD4E-D574C8091BBE}
		{F541395E-16C8-42AA-BF12-38E40A239F28} = {311AF736-F368-4521-BD4E-D574C8091BBE}
		{EAF311CE-97BC-4CF1-B177-0751C8406D2C} = {1529E0FA-B10D-47CB-ABA9-D480111D0E98}
		{75F8ABC8-9265-41B8-9857-9BF9094254E7} = {311AF736-F368-4521-BD4E-D574C8091BBE}
	EndGlobalSection
EndGlobal
