
Microsoft Visual Studio Solution File, Format Version 12.00
# Visual Studio 14
VisualStudioVersion = 14.0.25420.1
MinimumVisualStudioVersion = 10.0.40219.1
Project("{2150E333-8FDC-42A3-9474-1A3956D46DE8}") = "src", "src", "{1529E0FA-B10D-47CB-ABA9-D480111D0E98}"
EndProject
Project("{2150E333-8FDC-42A3-9474-1A3956D46DE8}") = "Solution Items", "Solution Items", "{5E8DF3CF-60BB-4655-8CB8-B7A6A02B2938}"
	ProjectSection(SolutionItems) = preProject
		global.json = global.json
	EndProjectSection
EndProject
Project("{8BB2217D-0F2D-49D1-97BC-3654ED321F3B}") = "SongsSync", "src\SongsSync\SongsSync.xproj", "{6EAF88C5-BB85-4CDA-B6F0-7502ED821C2C}"
EndProject
Global
	GlobalSection(SolutionConfigurationPlatforms) = preSolution
		Debug|Any CPU = Debug|Any CPU
		Release|Any CPU = Release|Any CPU
	EndGlobalSection
	GlobalSection(ProjectConfigurationPlatforms) = postSolution
		{6EAF88C5-BB85-4CDA-B6F0-7502ED821C2C}.Debug|Any CPU.ActiveCfg = Debug|Any CPU
		{6EAF88C5-BB85-4CDA-B6F0-7502ED821C2C}.Debug|Any CPU.Build.0 = Debug|Any CPU
		{6EAF88C5-BB85-4CDA-B6F0-7502ED821C2C}.Release|Any CPU.ActiveCfg = Release|Any CPU
		{6EAF88C5-BB85-4CDA-B6F0-7502ED821C2C}.Release|Any CPU.Build.0 = Release|Any CPU
	EndGlobalSection
	GlobalSection(SolutionProperties) = preSolution
		HideSolutionNode = FALSE
	EndGlobalSection
	GlobalSection(NestedProjects) = preSolution
		{6EAF88C5-BB85-4CDA-B6F0-7502ED821C2C} = {1529E0FA-B10D-47CB-ABA9-D480111D0E98}
	EndGlobalSection
EndGlobal
